// !$*UTF8*$!
{
	archiveVersion = 1;
	classes = {
	};
	objectVersion = 50;
	objects = {

/* Begin PBXBuildFile section */
		529C4560220A363D00996753 /* AppDelegate.swift in Sources */ = {isa = PBXBuildFile; fileRef = 529C455F220A363D00996753 /* AppDelegate.swift */; };
		529C4562220A363D00996753 /* LoginViewController.swift in Sources */ = {isa = PBXBuildFile; fileRef = 529C4561220A363D00996753 /* LoginViewController.swift */; };
		529C4565220A363D00996753 /* Main.storyboard in Resources */ = {isa = PBXBuildFile; fileRef = 529C4563220A363D00996753 /* Main.storyboard */; };
		529C4567220A363E00996753 /* Assets.xcassets in Resources */ = {isa = PBXBuildFile; fileRef = 529C4566220A363E00996753 /* Assets.xcassets */; };
		529C456A220A363E00996753 /* LaunchScreen.storyboard in Resources */ = {isa = PBXBuildFile; fileRef = 529C4568220A363E00996753 /* LaunchScreen.storyboard */; };
		529C4577220A3EF400996753 /* LoginRequester.swift in Sources */ = {isa = PBXBuildFile; fileRef = 529C4576220A3EF400996753 /* LoginRequester.swift */; };
		529C4579220A3F0000996753 /* LoginViewModel.swift in Sources */ = {isa = PBXBuildFile; fileRef = 529C4578220A3F0000996753 /* LoginViewModel.swift */; };
		529C457B220A3F1300996753 /* LoginRequestModel.swift in Sources */ = {isa = PBXBuildFile; fileRef = 529C457A220A3F1300996753 /* LoginRequestModel.swift */; };
		529C457E220A4B9700996753 /* Constants.swift in Sources */ = {isa = PBXBuildFile; fileRef = 529C457D220A4B9700996753 /* Constants.swift */; };
		529C4580220A4D4600996753 /* AlertManager.swift in Sources */ = {isa = PBXBuildFile; fileRef = 529C457F220A4D4600996753 /* AlertManager.swift */; };
		529C4582220A50D800996753 /* LoginViewController+UITextFieldDelegate.swift in Sources */ = {isa = PBXBuildFile; fileRef = 529C4581220A50D800996753 /* LoginViewController+UITextFieldDelegate.swift */; };
		529C4584220A5C1E00996753 /* BaseViewController.swift in Sources */ = {isa = PBXBuildFile; fileRef = 529C4583220A5C1E00996753 /* BaseViewController.swift */; };
/* End PBXBuildFile section */

/* Begin PBXFileReference section */
		529C455C220A363D00996753 /* Share Location.app */ = {isa = PBXFileReference; explicitFileType = wrapper.application; includeInIndex = 0; path = "Share Location.app"; sourceTree = BUILT_PRODUCTS_DIR; };
		529C455F220A363D00996753 /* AppDelegate.swift */ = {isa = PBXFileReference; lastKnownFileType = sourcecode.swift; path = AppDelegate.swift; sourceTree = "<group>"; };
		529C4561220A363D00996753 /* LoginViewController.swift */ = {isa = PBXFileReference; lastKnownFileType = sourcecode.swift; path = LoginViewController.swift; sourceTree = "<group>"; };
		529C4564220A363D00996753 /* Base */ = {isa = PBXFileReference; lastKnownFileType = file.storyboard; name = Base; path = Base.lproj/Main.storyboard; sourceTree = "<group>"; };
		529C4566220A363E00996753 /* Assets.xcassets */ = {isa = PBXFileReference; lastKnownFileType = folder.assetcatalog; path = Assets.xcassets; sourceTree = "<group>"; };
		529C4569220A363E00996753 /* Base */ = {isa = PBXFileReference; lastKnownFileType = file.storyboard; name = Base; path = Base.lproj/LaunchScreen.storyboard; sourceTree = "<group>"; };
		529C456B220A363E00996753 /* Info.plist */ = {isa = PBXFileReference; lastKnownFileType = text.plist.xml; path = Info.plist; sourceTree = "<group>"; };
		529C4576220A3EF400996753 /* LoginRequester.swift */ = {isa = PBXFileReference; lastKnownFileType = sourcecode.swift; path = LoginRequester.swift; sourceTree = "<group>"; };
		529C4578220A3F0000996753 /* LoginViewModel.swift */ = {isa = PBXFileReference; lastKnownFileType = sourcecode.swift; path = LoginViewModel.swift; sourceTree = "<group>"; };
		529C457A220A3F1300996753 /* LoginRequestModel.swift */ = {isa = PBXFileReference; lastKnownFileType = sourcecode.swift; path = LoginRequestModel.swift; sourceTree = "<group>"; };
		529C457D220A4B9700996753 /* Constants.swift */ = {isa = PBXFileReference; lastKnownFileType = sourcecode.swift; path = Constants.swift; sourceTree = "<group>"; };
		529C457F220A4D4600996753 /* AlertManager.swift */ = {isa = PBXFileReference; lastKnownFileType = sourcecode.swift; path = AlertManager.swift; sourceTree = "<group>"; };
		529C4581220A50D800996753 /* LoginViewController+UITextFieldDelegate.swift */ = {isa = PBXFileReference; lastKnownFileType = sourcecode.swift; path = "LoginViewController+UITextFieldDelegate.swift"; sourceTree = "<group>"; };
		529C4583220A5C1E00996753 /* BaseViewController.swift */ = {isa = PBXFileReference; lastKnownFileType = sourcecode.swift; path = BaseViewController.swift; sourceTree = "<group>"; };
/* End PBXFileReference section */

/* Begin PBXFrameworksBuildPhase section */
		529C4559220A363D00996753 /* Frameworks */ = {
			isa = PBXFrameworksBuildPhase;
			buildActionMask = 2147483647;
			files = (
			);
			runOnlyForDeploymentPostprocessing = 0;
		};
/* End PBXFrameworksBuildPhase section */

/* Begin PBXGroup section */
		529C4553220A363D00996753 = {
			isa = PBXGroup;
			children = (
				529C455E220A363D00996753 /* Share Location */,
				529C455D220A363D00996753 /* Products */,
			);
			sourceTree = "<group>";
		};
		529C455D220A363D00996753 /* Products */ = {
			isa = PBXGroup;
			children = (
				529C455C220A363D00996753 /* Share Location.app */,
			);
			name = Products;
			sourceTree = "<group>";
		};
		529C455E220A363D00996753 /* Share Location */ = {
			isa = PBXGroup;
			children = (
				529C457C220A4B8900996753 /* Utils */,
				529C4571220A3A8900996753 /* Login */,
				529C455F220A363D00996753 /* AppDelegate.swift */,
				529C4563220A363D00996753 /* Main.storyboard */,
				529C4566220A363E00996753 /* Assets.xcassets */,
				529C4568220A363E00996753 /* LaunchScreen.storyboard */,
				529C456B220A363E00996753 /* Info.plist */,
			);
			path = "Share Location";
			sourceTree = "<group>";
		};
		529C4571220A3A8900996753 /* Login */ = {
			isa = PBXGroup;
			children = (
				529C4575220A3AB800996753 /* Networking */,
				529C4574220A3AB200996753 /* ViewModels */,
				529C4573220A3AAA00996753 /* Models */,
				529C4572220A3AA100996753 /* Views */,
			);
			path = Login;
			sourceTree = "<group>";
		};
		529C4572220A3AA100996753 /* Views */ = {
			isa = PBXGroup;
			children = (
				529C4561220A363D00996753 /* LoginViewController.swift */,
				529C4581220A50D800996753 /* LoginViewController+UITextFieldDelegate.swift */,
			);
			path = Views;
			sourceTree = "<group>";
		};
		529C4573220A3AAA00996753 /* Models */ = {
			isa = PBXGroup;
			children = (
				529C457A220A3F1300996753 /* LoginRequestModel.swift */,
			);
			path = Models;
			sourceTree = "<group>";
		};
		529C4574220A3AB200996753 /* ViewModels */ = {
			isa = PBXGroup;
			children = (
				529C4578220A3F0000996753 /* LoginViewModel.swift */,
			);
			path = ViewModels;
			sourceTree = "<group>";
		};
		529C4575220A3AB800996753 /* Networking */ = {
			isa = PBXGroup;
			children = (
				529C4576220A3EF400996753 /* LoginRequester.swift */,
			);
			path = Networking;
			sourceTree = "<group>";
		};
		529C457C220A4B8900996753 /* Utils */ = {
			isa = PBXGroup;
			children = (
				529C457D220A4B9700996753 /* Constants.swift */,
				529C457F220A4D4600996753 /* AlertManager.swift */,
				529C4583220A5C1E00996753 /* BaseViewController.swift */,
			);
			path = Utils;
			sourceTree = "<group>";
		};
/* End PBXGroup section */

/* Begin PBXNativeTarget section */
		529C455B220A363D00996753 /* Share Location */ = {
			isa = PBXNativeTarget;
			buildConfigurationList = 529C456E220A363E00996753 /* Build configuration list for PBXNativeTarget "Share Location" */;
			buildPhases = (
				529C4558220A363D00996753 /* Sources */,
				529C4559220A363D00996753 /* Frameworks */,
				529C455A220A363D00996753 /* Resources */,
			);
			buildRules = (
			);
			dependencies = (
			);
			name = "Share Location";
			productName = "Share Location";
			productReference = 529C455C220A363D00996753 /* Share Location.app */;
			productType = "com.apple.product-type.application";
		};
/* End PBXNativeTarget section */

/* Begin PBXProject section */
		529C4554220A363D00996753 /* Project object */ = {
			isa = PBXProject;
			attributes = {
				LastSwiftUpdateCheck = 1000;
				LastUpgradeCheck = 1000;
				ORGANIZATIONNAME = "Tiago Oliveira";
				TargetAttributes = {
					529C455B220A363D00996753 = {
						CreatedOnToolsVersion = 10.0;
					};
				};
			};
			buildConfigurationList = 529C4557220A363D00996753 /* Build configuration list for PBXProject "Share Location" */;
			compatibilityVersion = "Xcode 9.3";
			developmentRegion = en;
			hasScannedForEncodings = 0;
			knownRegions = (
				en,
				Base,
			);
			mainGroup = 529C4553220A363D00996753;
			productRefGroup = 529C455D220A363D00996753 /* Products */;
			projectDirPath = "";
			projectRoot = "";
			targets = (
				529C455B220A363D00996753 /* Share Location */,
			);
		};
/* End PBXProject section */

/* Begin PBXResourcesBuildPhase section */
		529C455A220A363D00996753 /* Resources */ = {
			isa = PBXResourcesBuildPhase;
			buildActionMask = 2147483647;
			files = (
				529C456A220A363E00996753 /* LaunchScreen.storyboard in Resources */,
				529C4567220A363E00996753 /* Assets.xcassets in Resources */,
				529C4565220A363D00996753 /* Main.storyboard in Resources */,
			);
			runOnlyForDeploymentPostprocessing = 0;
		};
/* End PBXResourcesBuildPhase section */

/* Begin PBXSourcesBuildPhase section */
		529C4558220A363D00996753 /* Sources */ = {
			isa = PBXSourcesBuildPhase;
			buildActionMask = 2147483647;
			files = (
				529C4579220A3F0000996753 /* LoginViewModel.swift in Sources */,
				529C457B220A3F1300996753 /* LoginRequestModel.swift in Sources */,
				529C4562220A363D00996753 /* LoginViewController.swift in Sources */,
				529C4560220A363D00996753 /* AppDelegate.swift in Sources */,
				529C4577220A3EF400996753 /* LoginRequester.swift in Sources */,
				529C4584220A5C1E00996753 /* BaseViewController.swift in Sources */,
				529C4582220A50D800996753 /* LoginViewController+UITextFieldDelegate.swift in Sources */,
				529C4580220A4D4600996753 /* AlertManager.swift in Sources */,
				529C457E220A4B9700996753 /* Constants.swift in Sources */,
			);
			runOnlyForDeploymentPostprocessing = 0;
		};
/* End PBXSourcesBuildPhase section */

/* Begin PBXVariantGroup section */
		529C4563220A363D00996753 /* Main.storyboard */ = {
			isa = PBXVariantGroup;
			children = (
				529C4564220A363D00996753 /* Base */,
			);
			name = Main.storyboard;
			sourceTree = "<group>";
		};
		529C4568220A363E00996753 /* LaunchScreen.storyboard */ = {
			isa = PBXVariantGroup;
			children = (
				529C4569220A363E00996753 /* Base */,
			);
			name = LaunchScreen.storyboard;
			sourceTree = "<group>";
		};
/* End PBXVariantGroup section */

/* Begin XCBuildConfiguration section */
		529C456C220A363E00996753 /* Debug */ = {
			isa = XCBuildConfiguration;
			buildSettings = {
				ALWAYS_SEARCH_USER_PATHS = NO;
				CLANG_ANALYZER_NONNULL = YES;
				CLANG_ANALYZER_NUMBER_OBJECT_CONVERSION = YES_AGGRESSIVE;
				CLANG_CXX_LANGUAGE_STANDARD = "gnu++14";
				CLANG_CXX_LIBRARY = "libc++";
				CLANG_ENABLE_MODULES = YES;
				CLANG_ENABLE_OBJC_ARC = YES;
				CLANG_ENABLE_OBJC_WEAK = YES;
				CLANG_WARN_BLOCK_CAPTURE_AUTORELEASING = YES;
				CLANG_WARN_BOOL_CONVERSION = YES;
				CLANG_WARN_COMMA = YES;
				CLANG_WARN_CONSTANT_CONVERSION = YES;
				CLANG_WARN_DEPRECATED_OBJC_IMPLEMENTATIONS = YES;
				CLANG_WARN_DIRECT_OBJC_ISA_USAGE = YES_ERROR;
				CLANG_WARN_DOCUMENTATION_COMMENTS = YES;
				CLANG_WARN_EMPTY_BODY = YES;
				CLANG_WARN_ENUM_CONVERSION = YES;
				CLANG_WARN_INFINITE_RECURSION = YES;
				CLANG_WARN_INT_CONVERSION = YES;
				CLANG_WARN_NON_LITERAL_NULL_CONVERSION = YES;
				CLANG_WARN_OBJC_IMPLICIT_RETAIN_SELF = YES;
				CLANG_WARN_OBJC_LITERAL_CONVERSION = YES;
				CLANG_WARN_OBJC_ROOT_CLASS = YES_ERROR;
				CLANG_WARN_RANGE_LOOP_ANALYSIS = YES;
				CLANG_WARN_STRICT_PROTOTYPES = YES;
				CLANG_WARN_SUSPICIOUS_MOVE = YES;
				CLANG_WARN_UNGUARDED_AVAILABILITY = YES_AGGRESSIVE;
				CLANG_WARN_UNREACHABLE_CODE = YES;
				CLANG_WARN__DUPLICATE_METHOD_MATCH = YES;
				CODE_SIGN_IDENTITY = "iPhone Developer";
				COPY_PHASE_STRIP = NO;
				DEBUG_INFORMATION_FORMAT = dwarf;
				ENABLE_STRICT_OBJC_MSGSEND = YES;
				ENABLE_TESTABILITY = YES;
				GCC_C_LANGUAGE_STANDARD = gnu11;
				GCC_DYNAMIC_NO_PIC = NO;
				GCC_NO_COMMON_BLOCKS = YES;
				GCC_OPTIMIZATION_LEVEL = 0;
				GCC_PREPROCESSOR_DEFINITIONS = (
					"DEBUG=1",
					"$(inherited)",
				);
				GCC_WARN_64_TO_32_BIT_CONVERSION = YES;
				GCC_WARN_ABOUT_RETURN_TYPE = YES_ERROR;
				GCC_WARN_UNDECLARED_SELECTOR = YES;
				GCC_WARN_UNINITIALIZED_AUTOS = YES_AGGRESSIVE;
				GCC_WARN_UNUSED_FUNCTION = YES;
				GCC_WARN_UNUSED_VARIABLE = YES;
				IPHONEOS_DEPLOYMENT_TARGET = 12.0;
				MTL_ENABLE_DEBUG_INFO = INCLUDE_SOURCE;
				MTL_FAST_MATH = YES;
				ONLY_ACTIVE_ARCH = YES;
				SDKROOT = iphoneos;
				SWIFT_ACTIVE_COMPILATION_CONDITIONS = DEBUG;
				SWIFT_OPTIMIZATION_LEVEL = "-Onone";
			};
			name = Debug;
		};
		529C456D220A363E00996753 /* Release */ = {
			isa = XCBuildConfiguration;
			buildSettings = {
				ALWAYS_SEARCH_USER_PATHS = NO;
				CLANG_ANALYZER_NONNULL = YES;
				CLANG_ANALYZER_NUMBER_OBJECT_CONVERSION = YES_AGGRESSIVE;
				CLANG_CXX_LANGUAGE_STANDARD = "gnu++14";
				CLANG_CXX_LIBRARY = "libc++";
				CLANG_ENABLE_MODULES = YES;
				CLANG_ENABLE_OBJC_ARC = YES;
				CLANG_ENABLE_OBJC_WEAK = YES;
				CLANG_WARN_BLOCK_CAPTURE_AUTORELEASING = YES;
				CLANG_WARN_BOOL_CONVERSION = YES;
				CLANG_WARN_COMMA = YES;
				CLANG_WARN_CONSTANT_CONVERSION = YES;
				CLANG_WARN_DEPRECATED_OBJC_IMPLEMENTATIONS = YES;
				CLANG_WARN_DIRECT_OBJC_ISA_USAGE = YES_ERROR;
				CLANG_WARN_DOCUMENTATION_COMMENTS = YES;
				CLANG_WARN_EMPTY_BODY = YES;
				CLANG_WARN_ENUM_CONVERSION = YES;
				CLANG_WARN_INFINITE_RECURSION = YES;
				CLANG_WARN_INT_CONVERSION = YES;
				CLANG_WARN_NON_LITERAL_NULL_CONVERSION = YES;
				CLANG_WARN_OBJC_IMPLICIT_RETAIN_SELF = YES;
				CLANG_WARN_OBJC_LITERAL_CONVERSION = YES;
				CLANG_WARN_OBJC_ROOT_CLASS = YES_ERROR;
				CLANG_WARN_RANGE_LOOP_ANALYSIS = YES;
				CLANG_WARN_STRICT_PROTOTYPES = YES;
				CLANG_WARN_SUSPICIOUS_MOVE = YES;
				CLANG_WARN_UNGUARDED_AVAILABILITY = YES_AGGRESSIVE;
				CLANG_WARN_UNREACHABLE_CODE = YES;
				CLANG_WARN__DUPLICATE_METHOD_MATCH = YES;
				CODE_SIGN_IDENTITY = "iPhone Developer";
				COPY_PHASE_STRIP = NO;
				DEBUG_INFORMATION_FORMAT = "dwarf-with-dsym";
				ENABLE_NS_ASSERTIONS = NO;
				ENABLE_STRICT_OBJC_MSGSEND = YES;
				GCC_C_LANGUAGE_STANDARD = gnu11;
				GCC_NO_COMMON_BLOCKS = YES;
				GCC_WARN_64_TO_32_BIT_CONVERSION = YES;
				GCC_WARN_ABOUT_RETURN_TYPE = YES_ERROR;
				GCC_WARN_UNDECLARED_SELECTOR = YES;
				GCC_WARN_UNINITIALIZED_AUTOS = YES_AGGRESSIVE;
				GCC_WARN_UNUSED_FUNCTION = YES;
				GCC_WARN_UNUSED_VARIABLE = YES;
				IPHONEOS_DEPLOYMENT_TARGET = 12.0;
				MTL_ENABLE_DEBUG_INFO = NO;
				MTL_FAST_MATH = YES;
				SDKROOT = iphoneos;
				SWIFT_COMPILATION_MODE = wholemodule;
				SWIFT_OPTIMIZATION_LEVEL = "-O";
				VALIDATE_PRODUCT = YES;
			};
			name = Release;
		};
		529C456F220A363E00996753 /* Debug */ = {
			isa = XCBuildConfiguration;
			buildSettings = {
				ASSETCATALOG_COMPILER_APPICON_NAME = AppIcon;
				CODE_SIGN_STYLE = Automatic;
				DEVELOPMENT_TEAM = 4NCP4ZF9F8;
				INFOPLIST_FILE = "Share Location/Info.plist";
				LD_RUNPATH_SEARCH_PATHS = (
					"$(inherited)",
					"@executable_path/Frameworks",
				);
				PRODUCT_BUNDLE_IDENTIFIER = "br.com.oliveira.Share-Location";
				PRODUCT_NAME = "$(TARGET_NAME)";
				SWIFT_VERSION = 4.2;
				TARGETED_DEVICE_FAMILY = "1,2";
			};
			name = Debug;
		};
		529C4570220A363E00996753 /* Release */ = {
			isa = XCBuildConfiguration;
			buildSettings = {
				ASSETCATALOG_COMPILER_APPICON_NAME = AppIcon;
				CODE_SIGN_STYLE = Automatic;
				DEVELOPMENT_TEAM = 4NCP4ZF9F8;
				INFOPLIST_FILE = "Share Location/Info.plist";
				LD_RUNPATH_SEARCH_PATHS = (
					"$(inherited)",
					"@executable_path/Frameworks",
				);
				PRODUCT_BUNDLE_IDENTIFIER = "br.com.oliveira.Share-Location";
				PRODUCT_NAME = "$(TARGET_NAME)";
				SWIFT_VERSION = 4.2;
				TARGETED_DEVICE_FAMILY = "1,2";
			};
			name = Release;
		};
/* End XCBuildConfiguration section */

/* Begin XCConfigurationList section */
		529C4557220A363D00996753 /* Build configuration list for PBXProject "Share Location" */ = {
			isa = XCConfigurationList;
			buildConfigurations = (
				529C456C220A363E00996753 /* Debug */,
				529C456D220A363E00996753 /* Release */,
			);
			defaultConfigurationIsVisible = 0;
			defaultConfigurationName = Release;
		};
		529C456E220A363E00996753 /* Build configuration list for PBXNativeTarget "Share Location" */ = {
			isa = XCConfigurationList;
			buildConfigurations = (
				529C456F220A363E00996753 /* Debug */,
				529C4570220A363E00996753 /* Release */,
			);
			defaultConfigurationIsVisible = 0;
			defaultConfigurationName = Release;
		};
/* End XCConfigurationList section */
	};
	rootObject = 529C4554220A363D00996753 /* Project object */;
}
